// !$*UTF8*$!
{
	archiveVersion = 1;
	classes = {
	};
	objectVersion = 50;
	objects = {

/* Begin PBXBuildFile section */
		603B074D2445B5790067C911 /* AppDelegate.swift in Sources */ = {isa = PBXBuildFile; fileRef = 603B074C2445B5790067C911 /* AppDelegate.swift */; };
		603B074F2445B5790067C911 /* SceneDelegate.swift in Sources */ = {isa = PBXBuildFile; fileRef = 603B074E2445B5790067C911 /* SceneDelegate.swift */; };
		603B07512445B5790067C911 /* ViewController.swift in Sources */ = {isa = PBXBuildFile; fileRef = 603B07502445B5790067C911 /* ViewController.swift */; };
		603B07542445B5790067C911 /* Main.storyboard in Resources */ = {isa = PBXBuildFile; fileRef = 603B07522445B5790067C911 /* Main.storyboard */; };
		603B07562445B57E0067C911 /* Assets.xcassets in Resources */ = {isa = PBXBuildFile; fileRef = 603B07552445B57E0067C911 /* Assets.xcassets */; };
		603B07592445B57E0067C911 /* LaunchScreen.storyboard in Resources */ = {isa = PBXBuildFile; fileRef = 603B07572445B57E0067C911 /* LaunchScreen.storyboard */; };
		604595CE2450639600607ECB /* URLFactory.swift in Sources */ = {isa = PBXBuildFile; fileRef = 604595CD2450639600607ECB /* URLFactory.swift */; };
		608E91EC24479693009F28B1 /* Theme.swift in Sources */ = {isa = PBXBuildFile; fileRef = 608E91EB24479693009F28B1 /* Theme.swift */; };
		608E91F02447AABD009F28B1 /* Constants.swift in Sources */ = {isa = PBXBuildFile; fileRef = 608E91EF2447AABD009F28B1 /* Constants.swift */; };
		608E91F32447ADF2009F28B1 /* FormValidator.swift in Sources */ = {isa = PBXBuildFile; fileRef = 608E91F22447ADF2009F28B1 /* FormValidator.swift */; };
		608E91F72447AE1B009F28B1 /* FontBook.swift in Sources */ = {isa = PBXBuildFile; fileRef = 608E91F62447AE1B009F28B1 /* FontBook.swift */; };
		608E91FB2447AE5C009F28B1 /* NavigationBarProtocol.swift in Sources */ = {isa = PBXBuildFile; fileRef = 608E91FA2447AE5C009F28B1 /* NavigationBarProtocol.swift */; };
		608E91FE2447B1F1009F28B1 /* DeviceTweak.swift in Sources */ = {isa = PBXBuildFile; fileRef = 608E91FD2447B1F1009F28B1 /* DeviceTweak.swift */; };
		608E92002447B21B009F28B1 /* UtilsTweaks.swift in Sources */ = {isa = PBXBuildFile; fileRef = 608E91FF2447B21B009F28B1 /* UtilsTweaks.swift */; };
		608E92022447B24F009F28B1 /* ThreadTweak.swift in Sources */ = {isa = PBXBuildFile; fileRef = 608E92012447B24F009F28B1 /* ThreadTweak.swift */; };
		608E92062447B2A4009F28B1 /* UILabel+Ext.swift in Sources */ = {isa = PBXBuildFile; fileRef = 608E92052447B2A4009F28B1 /* UILabel+Ext.swift */; };
		608E92082447B2D7009F28B1 /* UITabBar+Ext.swift in Sources */ = {isa = PBXBuildFile; fileRef = 608E92072447B2D7009F28B1 /* UITabBar+Ext.swift */; };
		608E920A2447B2F3009F28B1 /* UIImage+Ext.swift in Sources */ = {isa = PBXBuildFile; fileRef = 608E92092447B2F3009F28B1 /* UIImage+Ext.swift */; };
		608E920C2447B317009F28B1 /* UICollectionView+Ext.swift in Sources */ = {isa = PBXBuildFile; fileRef = 608E920B2447B317009F28B1 /* UICollectionView+Ext.swift */; };
		608E920E2447B340009F28B1 /* UIImageView+Ext.swift in Sources */ = {isa = PBXBuildFile; fileRef = 608E920D2447B340009F28B1 /* UIImageView+Ext.swift */; };
		608E92102447B367009F28B1 /* UITableView+Ext.swift in Sources */ = {isa = PBXBuildFile; fileRef = 608E920F2447B367009F28B1 /* UITableView+Ext.swift */; };
		608E92122447B38F009F28B1 /* UINavigationController+Ext.swift in Sources */ = {isa = PBXBuildFile; fileRef = 608E92112447B38F009F28B1 /* UINavigationController+Ext.swift */; };
		608E92142447B3AE009F28B1 /* UIScrollView+Ext.swift in Sources */ = {isa = PBXBuildFile; fileRef = 608E92132447B3AE009F28B1 /* UIScrollView+Ext.swift */; };
		608E92162447B3DC009F28B1 /* UIWindow+Ext.swift in Sources */ = {isa = PBXBuildFile; fileRef = 608E92152447B3DC009F28B1 /* UIWindow+Ext.swift */; };
		608E92182447B3F7009F28B1 /* UIViewController+Ext.swift in Sources */ = {isa = PBXBuildFile; fileRef = 608E92172447B3F7009F28B1 /* UIViewController+Ext.swift */; };
		608E921A2447B428009F28B1 /* UIView+Ext.swift in Sources */ = {isa = PBXBuildFile; fileRef = 608E92192447B428009F28B1 /* UIView+Ext.swift */; };
		608E921C2447B466009F28B1 /* UITextField+Ext.swift in Sources */ = {isa = PBXBuildFile; fileRef = 608E921B2447B466009F28B1 /* UITextField+Ext.swift */; };
		608E921F2447B488009F28B1 /* String+Ext.swift in Sources */ = {isa = PBXBuildFile; fileRef = 608E921E2447B488009F28B1 /* String+Ext.swift */; };
		608E92222447B4AA009F28B1 /* NSObject+Ext.swift in Sources */ = {isa = PBXBuildFile; fileRef = 608E92212447B4AA009F28B1 /* NSObject+Ext.swift */; };
		608E92252447B4DA009F28B1 /* UIColor+Ext.swift in Sources */ = {isa = PBXBuildFile; fileRef = 608E92242447B4DA009F28B1 /* UIColor+Ext.swift */; };
		608FCB98244D7F9600A1E4E8 /* MozambiqueNetworkManager.swift in Sources */ = {isa = PBXBuildFile; fileRef = 608FCB97244D7F9600A1E4E8 /* MozambiqueNetworkManager.swift */; };
		608FCB9A244D812C00A1E4E8 /* MozambiqueEndPoint.swift in Sources */ = {isa = PBXBuildFile; fileRef = 608FCB99244D812C00A1E4E8 /* MozambiqueEndPoint.swift */; };
		608FCBA3244DB04500A1E4E8 /* EndPointType.swift in Sources */ = {isa = PBXBuildFile; fileRef = 608FCBA2244DB04500A1E4E8 /* EndPointType.swift */; };
		608FCBA5244DB06900A1E4E8 /* HTTPMethod.swift in Sources */ = {isa = PBXBuildFile; fileRef = 608FCBA4244DB06900A1E4E8 /* HTTPMethod.swift */; };
		608FCBA7244DB08600A1E4E8 /* HTTPTask.swift in Sources */ = {isa = PBXBuildFile; fileRef = 608FCBA6244DB08600A1E4E8 /* HTTPTask.swift */; };
		608FCBA9244DB0A200A1E4E8 /* NetworkLogger.swift in Sources */ = {isa = PBXBuildFile; fileRef = 608FCBA8244DB0A200A1E4E8 /* NetworkLogger.swift */; };
		608FCBAB244DB0BA00A1E4E8 /* NetworkRouter.swift in Sources */ = {isa = PBXBuildFile; fileRef = 608FCBAA244DB0BA00A1E4E8 /* NetworkRouter.swift */; };
		608FCBAD244DB17100A1E4E8 /* ParameterEncoding.swift in Sources */ = {isa = PBXBuildFile; fileRef = 608FCBAC244DB17100A1E4E8 /* ParameterEncoding.swift */; };
		608FCBAF244DB19000A1E4E8 /* URLParameterEncoding.swift in Sources */ = {isa = PBXBuildFile; fileRef = 608FCBAE244DB19000A1E4E8 /* URLParameterEncoding.swift */; };
		608FCBB1244DB1A600A1E4E8 /* JSONParameterEncoding.swift in Sources */ = {isa = PBXBuildFile; fileRef = 608FCBB0244DB1A600A1E4E8 /* JSONParameterEncoding.swift */; };
		608FCBB4244DBCF900A1E4E8 /* MozambiqueHereModel.swift in Sources */ = {isa = PBXBuildFile; fileRef = 608FCBB3244DBCF900A1E4E8 /* MozambiqueHereModel.swift */; };
		60D3A424244EF13A00C83F23 /* TrackerGGEndPoint.swift in Sources */ = {isa = PBXBuildFile; fileRef = 60D3A423244EF13A00C83F23 /* TrackerGGEndPoint.swift */; };
		60D3A426244F046100C83F23 /* TrackerGGNetworkManager.swift in Sources */ = {isa = PBXBuildFile; fileRef = 60D3A425244F046100C83F23 /* TrackerGGNetworkManager.swift */; };
		60D3A4352450472F00C83F23 /* TrackerGGResponseModel.swift in Sources */ = {isa = PBXBuildFile; fileRef = 60D3A4342450472F00C83F23 /* TrackerGGResponseModel.swift */; };
/* End PBXBuildFile section */

/* Begin PBXFileReference section */
		603B07492445B5790067C911 /* ApexTracker.app */ = {isa = PBXFileReference; explicitFileType = wrapper.application; includeInIndex = 0; path = ApexTracker.app; sourceTree = BUILT_PRODUCTS_DIR; };
		603B074C2445B5790067C911 /* AppDelegate.swift */ = {isa = PBXFileReference; lastKnownFileType = sourcecode.swift; path = AppDelegate.swift; sourceTree = "<group>"; };
		603B074E2445B5790067C911 /* SceneDelegate.swift */ = {isa = PBXFileReference; lastKnownFileType = sourcecode.swift; path = SceneDelegate.swift; sourceTree = "<group>"; };
		603B07502445B5790067C911 /* ViewController.swift */ = {isa = PBXFileReference; lastKnownFileType = sourcecode.swift; path = ViewController.swift; sourceTree = "<group>"; };
		603B07532445B5790067C911 /* Base */ = {isa = PBXFileReference; lastKnownFileType = file.storyboard; name = Base; path = Base.lproj/Main.storyboard; sourceTree = "<group>"; };
		603B07552445B57E0067C911 /* Assets.xcassets */ = {isa = PBXFileReference; lastKnownFileType = folder.assetcatalog; path = Assets.xcassets; sourceTree = "<group>"; };
		603B07582445B57E0067C911 /* Base */ = {isa = PBXFileReference; lastKnownFileType = file.storyboard; name = Base; path = Base.lproj/LaunchScreen.storyboard; sourceTree = "<group>"; };
		603B075A2445B57E0067C911 /* Info.plist */ = {isa = PBXFileReference; lastKnownFileType = text.plist.xml; path = Info.plist; sourceTree = "<group>"; };
		604595CD2450639600607ECB /* URLFactory.swift */ = {isa = PBXFileReference; lastKnownFileType = sourcecode.swift; path = URLFactory.swift; sourceTree = "<group>"; };
		608E91EB24479693009F28B1 /* Theme.swift */ = {isa = PBXFileReference; lastKnownFileType = sourcecode.swift; path = Theme.swift; sourceTree = "<group>"; };
		608E91EF2447AABD009F28B1 /* Constants.swift */ = {isa = PBXFileReference; lastKnownFileType = sourcecode.swift; path = Constants.swift; sourceTree = "<group>"; };
		608E91F22447ADF2009F28B1 /* FormValidator.swift */ = {isa = PBXFileReference; lastKnownFileType = sourcecode.swift; path = FormValidator.swift; sourceTree = "<group>"; };
		608E91F62447AE1B009F28B1 /* FontBook.swift */ = {isa = PBXFileReference; lastKnownFileType = sourcecode.swift; path = FontBook.swift; sourceTree = "<group>"; };
		608E91FA2447AE5C009F28B1 /* NavigationBarProtocol.swift */ = {isa = PBXFileReference; lastKnownFileType = sourcecode.swift; path = NavigationBarProtocol.swift; sourceTree = "<group>"; };
		608E91FD2447B1F1009F28B1 /* DeviceTweak.swift */ = {isa = PBXFileReference; lastKnownFileType = sourcecode.swift; path = DeviceTweak.swift; sourceTree = "<group>"; };
		608E91FF2447B21B009F28B1 /* UtilsTweaks.swift */ = {isa = PBXFileReference; lastKnownFileType = sourcecode.swift; path = UtilsTweaks.swift; sourceTree = "<group>"; };
		608E92012447B24F009F28B1 /* ThreadTweak.swift */ = {isa = PBXFileReference; lastKnownFileType = sourcecode.swift; path = ThreadTweak.swift; sourceTree = "<group>"; };
		608E92052447B2A4009F28B1 /* UILabel+Ext.swift */ = {isa = PBXFileReference; lastKnownFileType = sourcecode.swift; path = "UILabel+Ext.swift"; sourceTree = "<group>"; };
		608E92072447B2D7009F28B1 /* UITabBar+Ext.swift */ = {isa = PBXFileReference; lastKnownFileType = sourcecode.swift; path = "UITabBar+Ext.swift"; sourceTree = "<group>"; };
		608E92092447B2F3009F28B1 /* UIImage+Ext.swift */ = {isa = PBXFileReference; lastKnownFileType = sourcecode.swift; path = "UIImage+Ext.swift"; sourceTree = "<group>"; };
		608E920B2447B317009F28B1 /* UICollectionView+Ext.swift */ = {isa = PBXFileReference; lastKnownFileType = sourcecode.swift; path = "UICollectionView+Ext.swift"; sourceTree = "<group>"; };
		608E920D2447B340009F28B1 /* UIImageView+Ext.swift */ = {isa = PBXFileReference; lastKnownFileType = sourcecode.swift; path = "UIImageView+Ext.swift"; sourceTree = "<group>"; };
		608E920F2447B367009F28B1 /* UITableView+Ext.swift */ = {isa = PBXFileReference; lastKnownFileType = sourcecode.swift; path = "UITableView+Ext.swift"; sourceTree = "<group>"; };
		608E92112447B38F009F28B1 /* UINavigationController+Ext.swift */ = {isa = PBXFileReference; lastKnownFileType = sourcecode.swift; path = "UINavigationController+Ext.swift"; sourceTree = "<group>"; };
		608E92132447B3AE009F28B1 /* UIScrollView+Ext.swift */ = {isa = PBXFileReference; lastKnownFileType = sourcecode.swift; path = "UIScrollView+Ext.swift"; sourceTree = "<group>"; };
		608E92152447B3DC009F28B1 /* UIWindow+Ext.swift */ = {isa = PBXFileReference; lastKnownFileType = sourcecode.swift; path = "UIWindow+Ext.swift"; sourceTree = "<group>"; };
		608E92172447B3F7009F28B1 /* UIViewController+Ext.swift */ = {isa = PBXFileReference; lastKnownFileType = sourcecode.swift; path = "UIViewController+Ext.swift"; sourceTree = "<group>"; };
		608E92192447B428009F28B1 /* UIView+Ext.swift */ = {isa = PBXFileReference; lastKnownFileType = sourcecode.swift; path = "UIView+Ext.swift"; sourceTree = "<group>"; };
		608E921B2447B466009F28B1 /* UITextField+Ext.swift */ = {isa = PBXFileReference; lastKnownFileType = sourcecode.swift; path = "UITextField+Ext.swift"; sourceTree = "<group>"; };
		608E921E2447B488009F28B1 /* String+Ext.swift */ = {isa = PBXFileReference; lastKnownFileType = sourcecode.swift; path = "String+Ext.swift"; sourceTree = "<group>"; };
		608E92212447B4AA009F28B1 /* NSObject+Ext.swift */ = {isa = PBXFileReference; lastKnownFileType = sourcecode.swift; path = "NSObject+Ext.swift"; sourceTree = "<group>"; };
		608E92242447B4DA009F28B1 /* UIColor+Ext.swift */ = {isa = PBXFileReference; lastKnownFileType = sourcecode.swift; path = "UIColor+Ext.swift"; sourceTree = "<group>"; };
		608FCB97244D7F9600A1E4E8 /* MozambiqueNetworkManager.swift */ = {isa = PBXFileReference; lastKnownFileType = sourcecode.swift; path = MozambiqueNetworkManager.swift; sourceTree = "<group>"; };
		608FCB99244D812C00A1E4E8 /* MozambiqueEndPoint.swift */ = {isa = PBXFileReference; lastKnownFileType = sourcecode.swift; path = MozambiqueEndPoint.swift; sourceTree = "<group>"; };
		608FCBA2244DB04500A1E4E8 /* EndPointType.swift */ = {isa = PBXFileReference; lastKnownFileType = sourcecode.swift; path = EndPointType.swift; sourceTree = "<group>"; };
		608FCBA4244DB06900A1E4E8 /* HTTPMethod.swift */ = {isa = PBXFileReference; lastKnownFileType = sourcecode.swift; path = HTTPMethod.swift; sourceTree = "<group>"; };
		608FCBA6244DB08600A1E4E8 /* HTTPTask.swift */ = {isa = PBXFileReference; lastKnownFileType = sourcecode.swift; path = HTTPTask.swift; sourceTree = "<group>"; };
		608FCBA8244DB0A200A1E4E8 /* NetworkLogger.swift */ = {isa = PBXFileReference; lastKnownFileType = sourcecode.swift; path = NetworkLogger.swift; sourceTree = "<group>"; };
		608FCBAA244DB0BA00A1E4E8 /* NetworkRouter.swift */ = {isa = PBXFileReference; lastKnownFileType = sourcecode.swift; path = NetworkRouter.swift; sourceTree = "<group>"; };
		608FCBAC244DB17100A1E4E8 /* ParameterEncoding.swift */ = {isa = PBXFileReference; lastKnownFileType = sourcecode.swift; path = ParameterEncoding.swift; sourceTree = "<group>"; };
		608FCBAE244DB19000A1E4E8 /* URLParameterEncoding.swift */ = {isa = PBXFileReference; lastKnownFileType = sourcecode.swift; path = URLParameterEncoding.swift; sourceTree = "<group>"; };
		608FCBB0244DB1A600A1E4E8 /* JSONParameterEncoding.swift */ = {isa = PBXFileReference; lastKnownFileType = sourcecode.swift; path = JSONParameterEncoding.swift; sourceTree = "<group>"; };
		608FCBB3244DBCF900A1E4E8 /* MozambiqueHereModel.swift */ = {isa = PBXFileReference; lastKnownFileType = sourcecode.swift; path = MozambiqueHereModel.swift; sourceTree = "<group>"; };
		60D3A423244EF13A00C83F23 /* TrackerGGEndPoint.swift */ = {isa = PBXFileReference; lastKnownFileType = sourcecode.swift; path = TrackerGGEndPoint.swift; sourceTree = "<group>"; };
		60D3A425244F046100C83F23 /* TrackerGGNetworkManager.swift */ = {isa = PBXFileReference; lastKnownFileType = sourcecode.swift; path = TrackerGGNetworkManager.swift; sourceTree = "<group>"; };
		60D3A4342450472F00C83F23 /* TrackerGGResponseModel.swift */ = {isa = PBXFileReference; lastKnownFileType = sourcecode.swift; path = TrackerGGResponseModel.swift; sourceTree = "<group>"; };
/* End PBXFileReference section */

/* Begin PBXFrameworksBuildPhase section */
		603B07462445B5790067C911 /* Frameworks */ = {
			isa = PBXFrameworksBuildPhase;
			buildActionMask = 2147483647;
			files = (
			);
			runOnlyForDeploymentPostprocessing = 0;
		};
/* End PBXFrameworksBuildPhase section */

/* Begin PBXGroup section */
		603B07402445B5790067C911 = {
			isa = PBXGroup;
			children = (
				603B074B2445B5790067C911 /* ApexTracker */,
				603B074A2445B5790067C911 /* Products */,
			);
			sourceTree = "<group>";
		};
		603B074A2445B5790067C911 /* Products */ = {
			isa = PBXGroup;
			children = (
				603B07492445B5790067C911 /* ApexTracker.app */,
			);
			name = Products;
			sourceTree = "<group>";
		};
		603B074B2445B5790067C911 /* ApexTracker */ = {
			isa = PBXGroup;
			children = (
				608E91E7244795F2009F28B1 /* Classes */,
				608E91E824479601009F28B1 /* Resources */,
				608E91ED244796CB009F28B1 /* SupportingFiles */,
				603B07502445B5790067C911 /* ViewController.swift */,
				603B07522445B5790067C911 /* Main.storyboard */,
			);
			path = ApexTracker;
			sourceTree = "<group>";
		};
		603B34F22449F38F00C74B21 /* Assemblys */ = {
			isa = PBXGroup;
			children = (
			);
			path = Assemblys;
			sourceTree = "<group>";
		};
		603B34F32449F39900C74B21 /* Networking */ = {
			isa = PBXGroup;
			children = (
				604595CF2450774400607ECB /* Common */,
				608FCBB2244DB59900A1E4E8 /* Models */,
				608FCB94244B473000A1E4E8 /* Managers */,
				608FCB93244B472900A1E4E8 /* EndPoints */,
			);
			path = Networking;
			sourceTree = "<group>";
		};
		603B34F42449F3B100C74B21 /* Common */ = {
			isa = PBXGroup;
			children = (
			);
			path = Common;
			sourceTree = "<group>";
		};
		604595CF2450774400607ECB /* Common */ = {
			isa = PBXGroup;
			children = (
				608FCB95244B473800A1E4E8 /* Service */,
				608FCB96244B474300A1E4E8 /* Encoding */,
			);
			path = Common;
			sourceTree = "<group>";
		};
		608E91E7244795F2009F28B1 /* Classes */ = {
			isa = PBXGroup;
			children = (
				603B34F42449F3B100C74B21 /* Common */,
				603B34F32449F39900C74B21 /* Networking */,
				603B34F22449F38F00C74B21 /* Assemblys */,
				608E91F12447ADD8009F28B1 /* Utils */,
				608E91EE2447AA5D009F28B1 /* Constants */,
				608E91EA24479684009F28B1 /* Theme */,
				608E91E924479640009F28B1 /* AppDelegate */,
			);
			path = Classes;
			sourceTree = "<group>";
		};
		608E91E824479601009F28B1 /* Resources */ = {
			isa = PBXGroup;
			children = (
				603B07552445B57E0067C911 /* Assets.xcassets */,
			);
			path = Resources;
			sourceTree = "<group>";
		};
		608E91E924479640009F28B1 /* AppDelegate */ = {
			isa = PBXGroup;
			children = (
				603B074E2445B5790067C911 /* SceneDelegate.swift */,
				603B074C2445B5790067C911 /* AppDelegate.swift */,
			);
			path = AppDelegate;
			sourceTree = "<group>";
		};
		608E91EA24479684009F28B1 /* Theme */ = {
			isa = PBXGroup;
			children = (
				608E91EB24479693009F28B1 /* Theme.swift */,
			);
			path = Theme;
			sourceTree = "<group>";
		};
		608E91ED244796CB009F28B1 /* SupportingFiles */ = {
			isa = PBXGroup;
			children = (
				603B07572445B57E0067C911 /* LaunchScreen.storyboard */,
				603B075A2445B57E0067C911 /* Info.plist */,
			);
			path = SupportingFiles;
			sourceTree = "<group>";
		};
		608E91EE2447AA5D009F28B1 /* Constants */ = {
			isa = PBXGroup;
			children = (
				608E91EF2447AABD009F28B1 /* Constants.swift */,
			);
			path = Constants;
			sourceTree = "<group>";
		};
		608E91F12447ADD8009F28B1 /* Utils */ = {
			isa = PBXGroup;
			children = (
				608E92032447B26C009F28B1 /* Extensions */,
				608E91FC2447B1D9009F28B1 /* Tweaks */,
				608E91F82447AE33009F28B1 /* Protocols */,
				608E91F52447AE0B009F28B1 /* FontBook */,
				608E91F42447ADF8009F28B1 /* Validators */,
			);
			path = Utils;
			sourceTree = "<group>";
		};
		608E91F42447ADF8009F28B1 /* Validators */ = {
			isa = PBXGroup;
			children = (
				608E91F22447ADF2009F28B1 /* FormValidator.swift */,
			);
			path = Validators;
			sourceTree = "<group>";
		};
		608E91F52447AE0B009F28B1 /* FontBook */ = {
			isa = PBXGroup;
			children = (
				608E91F62447AE1B009F28B1 /* FontBook.swift */,
			);
			path = FontBook;
			sourceTree = "<group>";
		};
		608E91F82447AE33009F28B1 /* Protocols */ = {
			isa = PBXGroup;
			children = (
				608E91FA2447AE5C009F28B1 /* NavigationBarProtocol.swift */,
			);
			path = Protocols;
			sourceTree = "<group>";
		};
		608E91FC2447B1D9009F28B1 /* Tweaks */ = {
			isa = PBXGroup;
			children = (
				608E91FD2447B1F1009F28B1 /* DeviceTweak.swift */,
				608E91FF2447B21B009F28B1 /* UtilsTweaks.swift */,
				608E92012447B24F009F28B1 /* ThreadTweak.swift */,
			);
			path = Tweaks;
			sourceTree = "<group>";
		};
		608E92032447B26C009F28B1 /* Extensions */ = {
			isa = PBXGroup;
			children = (
				608E92232447B4CD009F28B1 /* Color */,
				608E92202447B49C009F28B1 /* NSObject */,
				608E921D2447B479009F28B1 /* String */,
				608E92042447B275009F28B1 /* UIView'sSubclasses+Ext */,
			);
			path = Extensions;
			sourceTree = "<group>";
		};
		608E92042447B275009F28B1 /* UIView'sSubclasses+Ext */ = {
			isa = PBXGroup;
			children = (
				608E92052447B2A4009F28B1 /* UILabel+Ext.swift */,
				608E92072447B2D7009F28B1 /* UITabBar+Ext.swift */,
				608E92092447B2F3009F28B1 /* UIImage+Ext.swift */,
				608E920B2447B317009F28B1 /* UICollectionView+Ext.swift */,
				608E920D2447B340009F28B1 /* UIImageView+Ext.swift */,
				608E920F2447B367009F28B1 /* UITableView+Ext.swift */,
				608E92112447B38F009F28B1 /* UINavigationController+Ext.swift */,
				608E92132447B3AE009F28B1 /* UIScrollView+Ext.swift */,
				608E92152447B3DC009F28B1 /* UIWindow+Ext.swift */,
				608E92172447B3F7009F28B1 /* UIViewController+Ext.swift */,
				608E92192447B428009F28B1 /* UIView+Ext.swift */,
				608E921B2447B466009F28B1 /* UITextField+Ext.swift */,
			);
			path = "UIView'sSubclasses+Ext";
			sourceTree = "<group>";
		};
		608E921D2447B479009F28B1 /* String */ = {
			isa = PBXGroup;
			children = (
				608E921E2447B488009F28B1 /* String+Ext.swift */,
			);
			path = String;
			sourceTree = "<group>";
		};
		608E92202447B49C009F28B1 /* NSObject */ = {
			isa = PBXGroup;
			children = (
				608E92212447B4AA009F28B1 /* NSObject+Ext.swift */,
			);
			path = NSObject;
			sourceTree = "<group>";
		};
		608E92232447B4CD009F28B1 /* Color */ = {
			isa = PBXGroup;
			children = (
				608E92242447B4DA009F28B1 /* UIColor+Ext.swift */,
			);
			path = Color;
			sourceTree = "<group>";
		};
		608FCB93244B472900A1E4E8 /* EndPoints */ = {
			isa = PBXGroup;
			children = (
				608FCB99244D812C00A1E4E8 /* MozambiqueEndPoint.swift */,
				60D3A423244EF13A00C83F23 /* TrackerGGEndPoint.swift */,
			);
			path = EndPoints;
			sourceTree = "<group>";
		};
		608FCB94244B473000A1E4E8 /* Managers */ = {
			isa = PBXGroup;
			children = (
				608FCB97244D7F9600A1E4E8 /* MozambiqueNetworkManager.swift */,
				60D3A425244F046100C83F23 /* TrackerGGNetworkManager.swift */,
			);
			path = Managers;
			sourceTree = "<group>";
		};
		608FCB95244B473800A1E4E8 /* Service */ = {
			isa = PBXGroup;
			children = (
				608FCBA2244DB04500A1E4E8 /* EndPointType.swift */,
				608FCBA4244DB06900A1E4E8 /* HTTPMethod.swift */,
				608FCBA6244DB08600A1E4E8 /* HTTPTask.swift */,
				608FCBA8244DB0A200A1E4E8 /* NetworkLogger.swift */,
				608FCBAA244DB0BA00A1E4E8 /* NetworkRouter.swift */,
				604595CD2450639600607ECB /* URLFactory.swift */,
			);
			path = Service;
			sourceTree = "<group>";
		};
		608FCB96244B474300A1E4E8 /* Encoding */ = {
			isa = PBXGroup;
			children = (
				608FCBAC244DB17100A1E4E8 /* ParameterEncoding.swift */,
				608FCBAE244DB19000A1E4E8 /* URLParameterEncoding.swift */,
				608FCBB0244DB1A600A1E4E8 /* JSONParameterEncoding.swift */,
			);
			path = Encoding;
			sourceTree = "<group>";
		};
		608FCBB2244DB59900A1E4E8 /* Models */ = {
			isa = PBXGroup;
			children = (
				608FCBB3244DBCF900A1E4E8 /* MozambiqueHereModel.swift */,
				60D3A4342450472F00C83F23 /* TrackerGGResponseModel.swift */,
			);
			path = Models;
			sourceTree = "<group>";
		};
/* End PBXGroup section */

/* Begin PBXNativeTarget section */
		603B07482445B5790067C911 /* ApexTracker */ = {
			isa = PBXNativeTarget;
			buildConfigurationList = 603B075D2445B57E0067C911 /* Build configuration list for PBXNativeTarget "ApexTracker" */;
			buildPhases = (
				603B07452445B5790067C911 /* Sources */,
				603B07462445B5790067C911 /* Frameworks */,
				603B07472445B5790067C911 /* Resources */,
			);
			buildRules = (
			);
			dependencies = (
			);
			name = ApexTracker;
			productName = ApexTracker;
			productReference = 603B07492445B5790067C911 /* ApexTracker.app */;
			productType = "com.apple.product-type.application";
		};
/* End PBXNativeTarget section */

/* Begin PBXProject section */
		603B07412445B5790067C911 /* Project object */ = {
			isa = PBXProject;
			attributes = {
				LastSwiftUpdateCheck = 1130;
				LastUpgradeCheck = 1130;
				ORGANIZATIONNAME = "Захар  Сегал";
				TargetAttributes = {
					603B07482445B5790067C911 = {
						CreatedOnToolsVersion = 11.3.1;
					};
				};
			};
			buildConfigurationList = 603B07442445B5790067C911 /* Build configuration list for PBXProject "ApexTracker" */;
			compatibilityVersion = "Xcode 9.3";
			developmentRegion = en;
			hasScannedForEncodings = 0;
			knownRegions = (
				en,
				Base,
			);
			mainGroup = 603B07402445B5790067C911;
			productRefGroup = 603B074A2445B5790067C911 /* Products */;
			projectDirPath = "";
			projectRoot = "";
			targets = (
				603B07482445B5790067C911 /* ApexTracker */,
			);
		};
/* End PBXProject section */

/* Begin PBXResourcesBuildPhase section */
		603B07472445B5790067C911 /* Resources */ = {
			isa = PBXResourcesBuildPhase;
			buildActionMask = 2147483647;
			files = (
				603B07592445B57E0067C911 /* LaunchScreen.storyboard in Resources */,
				603B07562445B57E0067C911 /* Assets.xcassets in Resources */,
				603B07542445B5790067C911 /* Main.storyboard in Resources */,
			);
			runOnlyForDeploymentPostprocessing = 0;
		};
/* End PBXResourcesBuildPhase section */

/* Begin PBXSourcesBuildPhase section */
		603B07452445B5790067C911 /* Sources */ = {
			isa = PBXSourcesBuildPhase;
			buildActionMask = 2147483647;
			files = (
				608FCB98244D7F9600A1E4E8 /* MozambiqueNetworkManager.swift in Sources */,
				60D3A4352450472F00C83F23 /* TrackerGGResponseModel.swift in Sources */,
				608E91F32447ADF2009F28B1 /* FormValidator.swift in Sources */,
				608E92102447B367009F28B1 /* UITableView+Ext.swift in Sources */,
				608E92182447B3F7009F28B1 /* UIViewController+Ext.swift in Sources */,
				608E92122447B38F009F28B1 /* UINavigationController+Ext.swift in Sources */,
				608E91F02447AABD009F28B1 /* Constants.swift in Sources */,
				603B07512445B5790067C911 /* ViewController.swift in Sources */,
				608FCBB4244DBCF900A1E4E8 /* MozambiqueHereModel.swift in Sources */,
				608E921F2447B488009F28B1 /* String+Ext.swift in Sources */,
				608FCBB1244DB1A600A1E4E8 /* JSONParameterEncoding.swift in Sources */,
				608FCBA5244DB06900A1E4E8 /* HTTPMethod.swift in Sources */,
				608E91EC24479693009F28B1 /* Theme.swift in Sources */,
				608E920C2447B317009F28B1 /* UICollectionView+Ext.swift in Sources */,
				608E92082447B2D7009F28B1 /* UITabBar+Ext.swift in Sources */,
				608E91FE2447B1F1009F28B1 /* DeviceTweak.swift in Sources */,
				603B074D2445B5790067C911 /* AppDelegate.swift in Sources */,
				608E920E2447B340009F28B1 /* UIImageView+Ext.swift in Sources */,
				608E921A2447B428009F28B1 /* UIView+Ext.swift in Sources */,
				608E92162447B3DC009F28B1 /* UIWindow+Ext.swift in Sources */,
				608FCBA3244DB04500A1E4E8 /* EndPointType.swift in Sources */,
				604595CE2450639600607ECB /* URLFactory.swift in Sources */,
				608E920A2447B2F3009F28B1 /* UIImage+Ext.swift in Sources */,
				608E91FB2447AE5C009F28B1 /* NavigationBarProtocol.swift in Sources */,
				608E91F72447AE1B009F28B1 /* FontBook.swift in Sources */,
				608FCB9A244D812C00A1E4E8 /* MozambiqueEndPoint.swift in Sources */,
				608FCBAB244DB0BA00A1E4E8 /* NetworkRouter.swift in Sources */,
				608E92002447B21B009F28B1 /* UtilsTweaks.swift in Sources */,
				60D3A426244F046100C83F23 /* TrackerGGNetworkManager.swift in Sources */,
				608FCBAD244DB17100A1E4E8 /* ParameterEncoding.swift in Sources */,
				608E92252447B4DA009F28B1 /* UIColor+Ext.swift in Sources */,
				608FCBA9244DB0A200A1E4E8 /* NetworkLogger.swift in Sources */,
				603B074F2445B5790067C911 /* SceneDelegate.swift in Sources */,
				608E92062447B2A4009F28B1 /* UILabel+Ext.swift in Sources */,
				608FCBA7244DB08600A1E4E8 /* HTTPTask.swift in Sources */,
				60D3A424244EF13A00C83F23 /* TrackerGGEndPoint.swift in Sources */,
				608E92222447B4AA009F28B1 /* NSObject+Ext.swift in Sources */,
				608E921C2447B466009F28B1 /* UITextField+Ext.swift in Sources */,
				608E92142447B3AE009F28B1 /* UIScrollView+Ext.swift in Sources */,
				608E92022447B24F009F28B1 /* ThreadTweak.swift in Sources */,
				608FCBAF244DB19000A1E4E8 /* URLParameterEncoding.swift in Sources */,
			);
			runOnlyForDeploymentPostprocessing = 0;
		};
/* End PBXSourcesBuildPhase section */

/* Begin PBXVariantGroup section */
		603B07522445B5790067C911 /* Main.storyboard */ = {
			isa = PBXVariantGroup;
			children = (
				603B07532445B5790067C911 /* Base */,
			);
			name = Main.storyboard;
			sourceTree = "<group>";
		};
		603B07572445B57E0067C911 /* LaunchScreen.storyboard */ = {
			isa = PBXVariantGroup;
			children = (
				603B07582445B57E0067C911 /* Base */,
			);
			name = LaunchScreen.storyboard;
			sourceTree = "<group>";
		};
/* End PBXVariantGroup section */

/* Begin XCBuildConfiguration section */
		603B075B2445B57E0067C911 /* Debug */ = {
			isa = XCBuildConfiguration;
			buildSettings = {
				ALWAYS_SEARCH_USER_PATHS = NO;
				CLANG_ANALYZER_NONNULL = YES;
				CLANG_ANALYZER_NUMBER_OBJECT_CONVERSION = YES_AGGRESSIVE;
				CLANG_CXX_LANGUAGE_STANDARD = "gnu++14";
				CLANG_CXX_LIBRARY = "libc++";
				CLANG_ENABLE_MODULES = YES;
				CLANG_ENABLE_OBJC_ARC = YES;
				CLANG_ENABLE_OBJC_WEAK = YES;
				CLANG_WARN_BLOCK_CAPTURE_AUTORELEASING = YES;
				CLANG_WARN_BOOL_CONVERSION = YES;
				CLANG_WARN_COMMA = YES;
				CLANG_WARN_CONSTANT_CONVERSION = YES;
				CLANG_WARN_DEPRECATED_OBJC_IMPLEMENTATIONS = YES;
				CLANG_WARN_DIRECT_OBJC_ISA_USAGE = YES_ERROR;
				CLANG_WARN_DOCUMENTATION_COMMENTS = YES;
				CLANG_WARN_EMPTY_BODY = YES;
				CLANG_WARN_ENUM_CONVERSION = YES;
				CLANG_WARN_INFINITE_RECURSION = YES;
				CLANG_WARN_INT_CONVERSION = YES;
				CLANG_WARN_NON_LITERAL_NULL_CONVERSION = YES;
				CLANG_WARN_OBJC_IMPLICIT_RETAIN_SELF = YES;
				CLANG_WARN_OBJC_LITERAL_CONVERSION = YES;
				CLANG_WARN_OBJC_ROOT_CLASS = YES_ERROR;
				CLANG_WARN_RANGE_LOOP_ANALYSIS = YES;
				CLANG_WARN_STRICT_PROTOTYPES = YES;
				CLANG_WARN_SUSPICIOUS_MOVE = YES;
				CLANG_WARN_UNGUARDED_AVAILABILITY = YES_AGGRESSIVE;
				CLANG_WARN_UNREACHABLE_CODE = YES;
				CLANG_WARN__DUPLICATE_METHOD_MATCH = YES;
				COPY_PHASE_STRIP = NO;
				DEBUG_INFORMATION_FORMAT = dwarf;
				ENABLE_STRICT_OBJC_MSGSEND = YES;
				ENABLE_TESTABILITY = YES;
				GCC_C_LANGUAGE_STANDARD = gnu11;
				GCC_DYNAMIC_NO_PIC = NO;
				GCC_NO_COMMON_BLOCKS = YES;
				GCC_OPTIMIZATION_LEVEL = 0;
				GCC_PREPROCESSOR_DEFINITIONS = (
					"DEBUG=1",
					"$(inherited)",
				);
				GCC_WARN_64_TO_32_BIT_CONVERSION = YES;
				GCC_WARN_ABOUT_RETURN_TYPE = YES_ERROR;
				GCC_WARN_UNDECLARED_SELECTOR = YES;
				GCC_WARN_UNINITIALIZED_AUTOS = YES_AGGRESSIVE;
				GCC_WARN_UNUSED_FUNCTION = YES;
				GCC_WARN_UNUSED_VARIABLE = YES;
				IPHONEOS_DEPLOYMENT_TARGET = 13.2;
				MTL_ENABLE_DEBUG_INFO = INCLUDE_SOURCE;
				MTL_FAST_MATH = YES;
				ONLY_ACTIVE_ARCH = YES;
				SDKROOT = iphoneos;
				SWIFT_ACTIVE_COMPILATION_CONDITIONS = DEBUG;
				SWIFT_OPTIMIZATION_LEVEL = "-Onone";
			};
			name = Debug;
		};
		603B075C2445B57E0067C911 /* Release */ = {
			isa = XCBuildConfiguration;
			buildSettings = {
				ALWAYS_SEARCH_USER_PATHS = NO;
				CLANG_ANALYZER_NONNULL = YES;
				CLANG_ANALYZER_NUMBER_OBJECT_CONVERSION = YES_AGGRESSIVE;
				CLANG_CXX_LANGUAGE_STANDARD = "gnu++14";
				CLANG_CXX_LIBRARY = "libc++";
				CLANG_ENABLE_MODULES = YES;
				CLANG_ENABLE_OBJC_ARC = YES;
				CLANG_ENABLE_OBJC_WEAK = YES;
				CLANG_WARN_BLOCK_CAPTURE_AUTORELEASING = YES;
				CLANG_WARN_BOOL_CONVERSION = YES;
				CLANG_WARN_COMMA = YES;
				CLANG_WARN_CONSTANT_CONVERSION = YES;
				CLANG_WARN_DEPRECATED_OBJC_IMPLEMENTATIONS = YES;
				CLANG_WARN_DIRECT_OBJC_ISA_USAGE = YES_ERROR;
				CLANG_WARN_DOCUMENTATION_COMMENTS = YES;
				CLANG_WARN_EMPTY_BODY = YES;
				CLANG_WARN_ENUM_CONVERSION = YES;
				CLANG_WARN_INFINITE_RECURSION = YES;
				CLANG_WARN_INT_CONVERSION = YES;
				CLANG_WARN_NON_LITERAL_NULL_CONVERSION = YES;
				CLANG_WARN_OBJC_IMPLICIT_RETAIN_SELF = YES;
				CLANG_WARN_OBJC_LITERAL_CONVERSION = YES;
				CLANG_WARN_OBJC_ROOT_CLASS = YES_ERROR;
				CLANG_WARN_RANGE_LOOP_ANALYSIS = YES;
				CLANG_WARN_STRICT_PROTOTYPES = YES;
				CLANG_WARN_SUSPICIOUS_MOVE = YES;
				CLANG_WARN_UNGUARDED_AVAILABILITY = YES_AGGRESSIVE;
				CLANG_WARN_UNREACHABLE_CODE = YES;
				CLANG_WARN__DUPLICATE_METHOD_MATCH = YES;
				COPY_PHASE_STRIP = NO;
				DEBUG_INFORMATION_FORMAT = "dwarf-with-dsym";
				ENABLE_NS_ASSERTIONS = NO;
				ENABLE_STRICT_OBJC_MSGSEND = YES;
				GCC_C_LANGUAGE_STANDARD = gnu11;
				GCC_NO_COMMON_BLOCKS = YES;
				GCC_WARN_64_TO_32_BIT_CONVERSION = YES;
				GCC_WARN_ABOUT_RETURN_TYPE = YES_ERROR;
				GCC_WARN_UNDECLARED_SELECTOR = YES;
				GCC_WARN_UNINITIALIZED_AUTOS = YES_AGGRESSIVE;
				GCC_WARN_UNUSED_FUNCTION = YES;
				GCC_WARN_UNUSED_VARIABLE = YES;
				IPHONEOS_DEPLOYMENT_TARGET = 13.2;
				MTL_ENABLE_DEBUG_INFO = NO;
				MTL_FAST_MATH = YES;
				SDKROOT = iphoneos;
				SWIFT_COMPILATION_MODE = wholemodule;
				SWIFT_OPTIMIZATION_LEVEL = "-O";
				VALIDATE_PRODUCT = YES;
			};
			name = Release;
		};
		603B075E2445B57E0067C911 /* Debug */ = {
			isa = XCBuildConfiguration;
			buildSettings = {
				ASSETCATALOG_COMPILER_APPICON_NAME = AppIcon;
				CODE_SIGN_STYLE = Automatic;
				DEVELOPMENT_TEAM = GD74L9K9N4;
				INFOPLIST_FILE = ApexTracker/SupportingFiles/Info.plist;
				LD_RUNPATH_SEARCH_PATHS = (
					"$(inherited)",
					"@executable_path/Frameworks",
				);
				PRODUCT_BUNDLE_IDENTIFIER = hhh.ApexTracker;
				PRODUCT_NAME = "$(TARGET_NAME)";
				SWIFT_VERSION = 5.0;
				TARGETED_DEVICE_FAMILY = 1;
			};
			name = Debug;
		};
		603B075F2445B57E0067C911 /* Release */ = {
			isa = XCBuildConfiguration;
			buildSettings = {
				ASSETCATALOG_COMPILER_APPICON_NAME = AppIcon;
				CODE_SIGN_STYLE = Automatic;
				DEVELOPMENT_TEAM = GD74L9K9N4;
				INFOPLIST_FILE = ApexTracker/SupportingFiles/Info.plist;
				LD_RUNPATH_SEARCH_PATHS = (
					"$(inherited)",
					"@executable_path/Frameworks",
				);
				PRODUCT_BUNDLE_IDENTIFIER = hhh.ApexTracker;
				PRODUCT_NAME = "$(TARGET_NAME)";
				SWIFT_VERSION = 5.0;
				TARGETED_DEVICE_FAMILY = 1;
			};
			name = Release;
		};
/* End XCBuildConfiguration section */

/* Begin XCConfigurationList section */
		603B07442445B5790067C911 /* Build configuration list for PBXProject "ApexTracker" */ = {
			isa = XCConfigurationList;
			buildConfigurations = (
				603B075B2445B57E0067C911 /* Debug */,
				603B075C2445B57E0067C911 /* Release */,
			);
			defaultConfigurationIsVisible = 0;
			defaultConfigurationName = Release;
		};
		603B075D2445B57E0067C911 /* Build configuration list for PBXNativeTarget "ApexTracker" */ = {
			isa = XCConfigurationList;
			buildConfigurations = (
				603B075E2445B57E0067C911 /* Debug */,
				603B075F2445B57E0067C911 /* Release */,
			);
			defaultConfigurationIsVisible = 0;
			defaultConfigurationName = Release;
		};
/* End XCConfigurationList section */
	};
	rootObject = 603B07412445B5790067C911 /* Project object */;
}
